
Microsoft Visual Studio Solution File, Format Version 12.00
# Visual Studio Version 17
VisualStudioVersion = 17.14.36616.10 d17.14
MinimumVisualStudioVersion = 10.0.40219.1
Project("{FAE04EC0-301F-11D3-BF4B-00C04F79EFBC}") = "FitnesclubLedenbeheer.WPF", "FitnesclubLedenbeheer.WPF\FitnesclubLedenbeheer.WPF.csproj", "{B86AECE6-376E-431A-B3CA-E0BA67B320FC}"
EndProject
Project("{FAE04EC0-301F-11D3-BF4B-00C04F79EFBC}") = "FitnesclubLedenbeheer.Models", "FitnesclubLedenbeheer.Models\FitnesclubLedenbeheer.Models.csproj", "{ACF5D710-EE9C-4867-B9A3-24388AA3067B}"
EndProject
Global
	GlobalSection(SolutionConfigurationPlatforms) = preSolution
		Debug|Any CPU = Debug|Any CPU
		Release|Any CPU = Release|Any CPU
	EndGlobalSection
	GlobalSection(ProjectConfigurationPlatforms) = postSolution
		{B86AECE6-376E-431A-B3CA-E0BA67B320FC}.Debug|Any CPU.ActiveCfg = Debug|Any CPU
		{B86AECE6-376E-431A-B3CA-E0BA67B320FC}.Debug|Any CPU.Build.0 = Debug|Any CPU
		{B86AECE6-376E-431A-B3CA-E0BA67B320FC}.Release|Any CPU.ActiveCfg = Release|Any CPU
		{B86AECE6-376E-431A-B3CA-E0BA67B320FC}.Release|Any CPU.Build.0 = Release|Any CPU
		{ACF5D710-EE9C-4867-B9A3-24388AA3067B}.Debug|Any CPU.ActiveCfg = Debug|Any CPU
		{ACF5D710-EE9C-4867-B9A3-24388AA3067B}.Debug|Any CPU.Build.0 = Debug|Any CPU
		{ACF5D710-EE9C-4867-B9A3-24388AA3067B}.Release|Any CPU.ActiveCfg = Release|Any CPU
		{ACF5D710-EE9C-4867-B9A3-24388AA3067B}.Release|Any CPU.Build.0 = Release|Any CPU
	EndGlobalSection
	GlobalSection(SolutionProperties) = preSolution
		HideSolutionNode = FALSE
	EndGlobalSection
	GlobalSection(ExtensibilityGlobals) = postSolution
		SolutionGuid = {C85C2335-01C4-4B71-8886-2D4834603E9E}
	EndGlobalSection
EndGlobal
